PODS:
  - Flutter (1.0.0)
  - FMDB/SQLCipher (2.7.5):
    - SQLCipher
  - path_provider (0.0.1):
    - Flutter
  - path_provider_macos (0.0.1):
    - Flutter
  - sqflite (0.0.1):
    - Flutter
    - FMDB/SQLCipher (~> 2.7.5)
  - SQLCipher (4.1.0):
    - SQLCipher/standard (= 4.1.0)
  - SQLCipher/common (4.1.0)
  - SQLCipher/standard (4.1.0):
    - SQLCipher/common

DEPENDENCIES:
  - Flutter (from `Flutter`)
  - path_provider (from `.symlinks/plugins/path_provider/ios`)
  - path_provider_macos (from `.symlinks/plugins/path_provider_macos/ios`)
  - sqflite (from `.symlinks/plugins/sqflite/ios`)
  - SQLCipher (~> 4.1.0)

SPEC REPOS:
  trunk:
    - FMDB
    - SQLCipher

EXTERNAL SOURCES:
  Flutter:
    :path: Flutter
  path_provider:
    :path: ".symlinks/plugins/path_provider/ios"
  path_provider_macos:
    :path: ".symlinks/plugins/path_provider_macos/ios"
  sqflite:
    :path: ".symlinks/plugins/sqflite/ios"

SPEC CHECKSUMS:
  Flutter: 0e3d915762c693b495b44d77113d4970485de6ec
  FMDB: 2ce00b547f966261cd18927a3ddb07cb6f3db82a
  path_provider: fb74bd0465e96b594bb3b5088ee4a4e7bb1f2a9d
  path_provider_macos: f760a3c5b04357c380e2fddb6f9db6f3015897e0
  sqflite: dc1dd7fd0c3603c33bd1c0b2e90d38182e3ddb37
  SQLCipher: efbdb52cdbe340bcd892b1b14297df4e07241b7f

PODFILE CHECKSUM: c1f56ec578e7dc933512aa9b9b86b80eb2a5b47d

COCOAPODS: 1.8.4
